
Microsoft Visual Studio Solution File, Format Version 12.00
Project("{FAE04EC0-301F-11D3-BF4B-00C04F79EFBC}") = "AdventOfCode2024", "AdventOfCode2024\AdventOfCode2024.csproj", "{CEB29B69-1CD6-4F1F-839F-DD2717B0CEDA}"
EndProject
Global
	GlobalSection(SolutionConfigurationPlatforms) = preSolution
		Debug|Any CPU = Debug|Any CPU
		Release|Any CPU = Release|Any CPU
	EndGlobalSection
	GlobalSection(ProjectConfigurationPlatforms) = postSolution
		{CEB29B69-1CD6-4F1F-839F-DD2717B0CEDA}.Debug|Any CPU.ActiveCfg = Debug|Any CPU
		{CEB29B69-1CD6-4F1F-839F-DD2717B0CEDA}.Debug|Any CPU.Build.0 = Debug|Any CPU
		{CEB29B69-1CD6-4F1F-839F-DD2717B0CEDA}.Release|Any CPU.ActiveCfg = Release|Any CPU
		{CEB29B69-1CD6-4F1F-839F-DD2717B0CEDA}.Release|Any CPU.Build.0 = Release|Any CPU
	EndGlobalSection
EndGlobal
